<?xml version="1.0" encoding="UTF-8" standalone="yes" ?>
<CodeBlocks_project_file>
	<FileVersion major="1" minor="6" />
	<Project>
		<Option title="CodeBlocks" />
		<Option pch_mode="2" />
		<Option compiler="gcc" />
		<Build>
			<Target title="Debug">
				<Option output="bin/Debug/CodeBlocks" prefix_auto="1" extension_auto="1" />
				<Option object_output="obj/Debug/" />
				<Option type="1" />
				<Option compiler="gcc" />
				<Compiler>
					<Add option="-g" />
					<Add directory="Utils" />
				</Compiler>
			</Target>
			<Target title="Release">
				<Option output="bin/Release/CodeBlocks" prefix_auto="1" extension_auto="1" />
				<Option object_output="obj/Release/" />
				<Option type="1" />
				<Option compiler="gcc" />
				<Compiler>
					<Add option="-O2" />
					<Add directory="Utils" />
				</Compiler>
				<Linker>
					<Add option="-s" />
				</Linker>
			</Target>
		</Build>
		<Compiler>
			<Add option="-Wall" />
			<Add option="-fexceptions" />
		</Compiler>
		<Unit filename="Algorithms/BubbleSort.cpp" />
		<Unit filename="Algorithms/InsertionSort.cpp" />
		<Unit filename="Algorithms/MergeSort.cpp" />
		<Unit filename="Algorithms/SelectionSort.cpp" />
		<Unit filename="Arrays/AddOneToNumber.cpp" />
		<Unit filename="Arrays/AntiDiagonals.cpp" />
		<Unit filename="Arrays/Flip.cpp" />
		<Unit filename="Arrays/MaxNonNegativeSubArray.cpp" />
		<Unit filename="Arrays/MaxSumContiguousSubarray.cpp" />
		<Unit filename="Arrays/MinStepsinInfiniteGrid.cpp" />
		<Unit filename="Arrays/NobleInteger.cpp" />
		<Unit filename="Arrays/PascalTriangle.cpp" />
		<Unit filename="Arrays/RepeatAndMissingNumberArray.cpp" />
		<Unit filename="Arrays/SpiralOrderMatrix1.cpp" />
		<Unit filename="Arrays/SpiralOrderMatrix2.cpp" />
		<Unit filename="Arrays/TripletWithSumInRange.cpp" />
		<Unit filename="Math/FizzBuzz.cpp" />
		<Unit filename="Math/PowerOfTwoIntegers.cpp" />
		<Unit filename="Math/PrimeSum.cpp" />
		<Unit filename="Math/SumOfPairwiseHammingDistance.cpp" />
		<Unit filename="Utils/Utils.cpp" />
		<Unit filename="Utils/Utils.h" />
		<Unit filename="main.cpp" />
		<Extensions>
			<code_completion />
			<envvars />
			<debugger />
			<lib_finder disable_auto="1" />
		</Extensions>
	</Project>
</CodeBlocks_project_file>
